version = 1
revision = 3
requires-python = ">=3.12"

[[package]]
name = "click"
version = "8.4.1"
source = { registry = "https://pypi.org/simple" }
dependencies = [
    { name = "colorama", marker = "sys_platform == 'win32'" },
]
sdist = { url = "https://files.pythonhosted.org/packages/9b/98/518d8e5081007684232226f475082b30087d0f585e8457db087298259f49/click-8.4.1.tar.gz", hash = "sha256:918b5633eddf6b41c32d4f454bf0de810065c74e3f7dbf8ee5452f8be88d3e96", size = 353007, upload-time = "2026-05-22T04:08:37.769Z" }
wheels = [
    { url = "https://files.pythonhosted.org/packages/c7/0d/67e5b4109ea4a837e80daa87c2c696711955e40449a97e8926672534def2/click-8.4.1-py3-none-any.whl", hash = "sha256:482be17c6991b8c19c5429a1e995d9b0efdbb63172824c41f99965dc0ade8ec2", size = 116639, upload-time = "2026-05-22T04:08:35.26Z" },
]

[[package]]
name = "colorama"
version = "0.4.6"
source = { registry = "https://pypi.org/simple" }
sdist = { url = "https://files.pythonhosted.org/packages/d8/53/6f443c9a4a8358a93a6792e2acffb9d9d5cb0a5cfd8802644b7b1c9a02e4/colorama-0.4.6.tar.gz", hash = "sha256:08695f5cb7ed6e0531a20572697297273c47b8cae5a63ffc6d6ed5c201be6e44", size = 27697, upload-time = "2022-10-25T02:36:22.414Z" }
wheels = [
    { url = "https://files.pythonhosted.org/packages/d1/d6/3965ed04c63042e047cb6a3e6ed1a63a35087b6a609aa3a15ed8ac56c221/colorama-0.4.6-py2.py3-none-any.whl", hash = "sha256:4f1d9991f5acc0ca119f9d443620b77f9d6b33703e51011c16baf57afb285fc6", size = 25335, upload-time = "2022-10-25T02:36:20.889Z" },
]

[[package]]
name = "msgspec"
version = "0.21.1"
source = { registry = "https://pypi.org/simple" }
sdist = { url = "https://files.pythonhosted.org/packages/e3/60/f79b9b013a16fa3a58350c9295ddc6789f2e335f36ea61ed10a21b215364/msgspec-0.21.1.tar.gz", hash = "sha256:2313508e394b0d208f8f56892ca9b2799e2561329de9763b19619595a6c0f72c", size = 319193, upload-time = "2026-04-12T21:44:50.394Z" }
wheels = [
    { url = "https://files.pythonhosted.org/packages/6e/cf/317224852c00248c620a9bcf4b26e2e4ab8afd752f18d2a6ef73ebd423b6/msgspec-0.21.1-cp312-cp312-macosx_10_13_x86_64.whl", hash = "sha256:d4248cf0b6129b7d230eacd493c17cc2d4f3989f3bb7f633a928a85b7dcfa251", size = 196188, upload-time = "2026-04-12T21:44:07.181Z" },
    { url = "https://files.pythonhosted.org/packages/6d/81/074612945c0666078f7366f40000013de9f6ba687491d450df699bceebc9/msgspec-0.21.1-cp312-cp312-macosx_11_0_arm64.whl", hash = "sha256:5102c7e9b3acff82178449b85006d96310e690291bb1ea0142f1b24bcb8aabcb", size = 188473, upload-time = "2026-04-12T21:44:08.736Z" },
    { url = "https://files.pythonhosted.org/packages/8a/37/655101799590bcc5fddb2bd3fe0e6194e816c2d1da7c361725f5eb89a910/msgspec-0.21.1-cp312-cp312-manylinux2014_aarch64.manylinux_2_17_aarch64.manylinux_2_28_aarch64.whl", hash = "sha256:846758412e9518252b2ac9bffd6f0e54d9ff614f5f9488df7749f81ff5c80920", size = 218871, upload-time = "2026-04-12T21:44:09.917Z" },
    { url = "https://files.pythonhosted.org/packages/b5/d1/d4cd9fe89c7d400d7a18f86ccc94daa3f0927f53558846fcb60791dce5d6/msgspec-0.21.1-cp312-cp312-manylinux2014_x86_64.manylinux_2_17_x86_64.manylinux_2_28_x86_64.whl", hash = "sha256:21995e74b5c598c2e004110ad66ec7f1b8c20bf2bcf3b2de8fd9a3094422d3ff", size = 225025, upload-time = "2026-04-12T21:44:11.191Z" },
    { url = "https://files.pythonhosted.org/packages/24/bf/e20549e602b9edccadeeff98760345a416f9cce846a657e8b18e3396b212/msgspec-0.21.1-cp312-cp312-musllinux_1_2_aarch64.whl", hash = "sha256:6129f0cca52992e898fd5344187f7c8127b63d810b2fd73e36fca73b4c6475ee", size = 222672, upload-time = "2026-04-12T21:44:12.481Z" },
    { url = "https://files.pythonhosted.org/packages/b4/68/04d7a8f0f786545cf9b8c280c57aa6befb5977af6e884b8b54191cbe44b3/msgspec-0.21.1-cp312-cp312-musllinux_1_2_x86_64.whl", hash = "sha256:ef3ec2296248d1f8b9231acb051b6d471dfde8f21819e86c9adaaa9f42918521", size = 227303, upload-time = "2026-04-12T21:44:13.709Z" },
    { url = "https://files.pythonhosted.org/packages/cc/4d/619866af2840875be408047bf9e70ceafbae6ab50660de7134ed1b25eb86/msgspec-0.21.1-cp312-cp312-win_amd64.whl", hash = "sha256:d4ab834a054c6f0cbeef6df9e7e1b33d5f1bc7b86dea1d2fd7cad003873e783d", size = 190017, upload-time = "2026-04-12T21:44:14.977Z" },
    { url = "https://files.pythonhosted.org/packages/5e/2e/a8f9eca8fd00e097d7a9e99ba8a4685db994494448e3d4f0b7f6e9a3c0f7/msgspec-0.21.1-cp312-cp312-win_arm64.whl", hash = "sha256:628aaa35c74950a8c59da330d7e98917e1c7188f983745782027748ee4ca573e", size = 175345, upload-time = "2026-04-12T21:44:16.431Z" },
    { url = "https://files.pythonhosted.org/packages/7e/74/f11ede02839b19ff459f88e3145df5d711626ca84da4e23520cebf819367/msgspec-0.21.1-cp313-cp313-macosx_10_13_x86_64.whl", hash = "sha256:764173717a01743f007e9f74520ed281f24672c604514f7d76c1c3a10e8edb66", size = 196176, upload-time = "2026-04-12T21:44:17.613Z" },
    { url = "https://files.pythonhosted.org/packages/bb/40/4476c1bd341418a046c4955aff632ec769315d1e3cb94e6acf86d461f9ed/msgspec-0.21.1-cp313-cp313-macosx_11_0_arm64.whl", hash = "sha256:344c7cd0eaed1fb81d7959f99100ef71ec9b536881a376f11b9a6c4803365697", size = 188524, upload-time = "2026-04-12T21:44:18.815Z" },
    { url = "https://files.pythonhosted.org/packages/ca/d9/9e9d7d7e5061b47540d03d640fab9b3965ba7ae49c1b2154861c8f007518/msgspec-0.21.1-cp313-cp313-manylinux2014_aarch64.manylinux_2_17_aarch64.manylinux_2_28_aarch64.whl", hash = "sha256:48943e278b3854c2f89f955ddc6f9f430d3f0784b16e47d10604ee0463cd21f5", size = 218880, upload-time = "2026-04-12T21:44:20.028Z" },
    { url = "https://files.pythonhosted.org/packages/74/66/2bb344f34abb4b57e60c7c9c761994e0417b9718ec1460bf00c296f2a7ea/msgspec-0.21.1-cp313-cp313-manylinux2014_x86_64.manylinux_2_17_x86_64.manylinux_2_28_x86_64.whl", hash = "sha256:a9aa659ebb0101b1cbc31461212b87e341d961f0ab0772aaf068a99e001ec4aa", size = 225050, upload-time = "2026-04-12T21:44:21.577Z" },
    { url = "https://files.pythonhosted.org/packages/1a/84/7c1e412f76092277bf760cef12b7979d03314d259ab5b5cafde5d0c1722d/msgspec-0.21.1-cp313-cp313-musllinux_1_2_aarch64.whl", hash = "sha256:f7b27d1a8ead2b6f5b0c4f2d07b8be1ccfcc041c8a0e704781edebe3ae13c484", size = 222713, upload-time = "2026-04-12T21:44:22.83Z" },
    { url = "https://files.pythonhosted.org/packages/4e/27/0bba04b2b4ef05f3d068429410bc71d2cea925f1596a8f41152cccd5edb8/msgspec-0.21.1-cp313-cp313-musllinux_1_2_x86_64.whl", hash = "sha256:38fe93e86b61328fe544cb7fd871fad5a27c8734bfda90f65e5dbe288ae50f61", size = 227259, upload-time = "2026-04-12T21:44:24.11Z" },
    { url = "https://files.pythonhosted.org/packages/b0/2d/09574b0eea02fed2c2c1383dbaae2c7f79dc16dcd6487a886000afb5d7c4/msgspec-0.21.1-cp313-cp313-win_amd64.whl", hash = "sha256:8bc666331c35fcce05a7cd2d6221adbe0f6058f8e750711413d22793c080ac6a", size = 189857, upload-time = "2026-04-12T21:44:25.359Z" },
    { url = "https://files.pythonhosted.org/packages/46/34/105b1576ad182879914f0c821f17ee1d13abb165cb060448f96fe2aff078/msgspec-0.21.1-cp313-cp313-win_arm64.whl", hash = "sha256:42bb1241e0750c1a4346f2aa84db26c5ffd99a4eb3a954927d9f149ff2f42898", size = 175403, upload-time = "2026-04-12T21:44:26.608Z" },
    { url = "https://files.pythonhosted.org/packages/5a/ad/86954e987d1d6a5c579e2c2e7832b65e0fff194179fdac4f581536086024/msgspec-0.21.1-cp314-cp314-macosx_10_15_x86_64.whl", hash = "sha256:fab48eb45fdbfbdb2c0edfec00ffc53b6b6085beefc6b50b61e01659f9f8757f", size = 196261, upload-time = "2026-04-12T21:44:27.807Z" },
    { url = "https://files.pythonhosted.org/packages/d1/a1/c5e46c3e42b866199365e35d11dddfd1fbd8bba4fdb3c52f965b1607ce94/msgspec-0.21.1-cp314-cp314-macosx_11_0_arm64.whl", hash = "sha256:3cb779ea0c35bc807ff941d415875c1f69ca0be91a2e907ab99a171811d86a9a", size = 188729, upload-time = "2026-04-12T21:44:28.99Z" },
    { url = "https://files.pythonhosted.org/packages/85/7d/1e29a319d678d6cb962ae5bdf32a6858ebdf38f73bc654c0e9c742a0c2c8/msgspec-0.21.1-cp314-cp314-manylinux2014_aarch64.manylinux_2_17_aarch64.manylinux_2_28_aarch64.whl", hash = "sha256:68604db36b3b4dd9bf160e436e12798a4738848144cea1aca1cb984011eb160f", size = 219866, upload-time = "2026-04-12T21:44:31.104Z" },
    { url = "https://files.pythonhosted.org/packages/25/1f/cca084ca2572810fff12ea9dbdcbe39eac048f40daf4a9077b49fcbe8cee/msgspec-0.21.1-cp314-cp314-manylinux2014_x86_64.manylinux_2_17_x86_64.manylinux_2_28_x86_64.whl", hash = "sha256:3d6b9dc50948eaf65df54d2fd0ff66e6d8c32f116037209ee861810eb9b676cb", size = 224993, upload-time = "2026-04-12T21:44:32.649Z" },
    { url = "https://files.pythonhosted.org/packages/71/94/d2120fc9d419a89a3a7c13e5b7078798c4b392a96a02a6e2b3ce43a8766c/msgspec-0.21.1-cp314-cp314-musllinux_1_2_aarch64.whl", hash = "sha256:52c5e21930942302394429c5a582ce7e6b62c7f983b3760834c2ce107e0dd6df", size = 223535, upload-time = "2026-04-12T21:44:33.839Z" },
    { url = "https://files.pythonhosted.org/packages/75/17/42418b66a3ad972a89bab73dd78b79cc6282bb488a25e73c853cee7443b9/msgspec-0.21.1-cp314-cp314-musllinux_1_2_x86_64.whl", hash = "sha256:abbb39d65681fa24ed394e01af3d59d869068324f900c61d06062b7fb9980f2f", size = 227222, upload-time = "2026-04-12T21:44:35.093Z" },
    { url = "https://files.pythonhosted.org/packages/c4/33/265c894268cca88ff67b144ca2b4c522fc8b9a6f1966a3640c70516e78e1/msgspec-0.21.1-cp314-cp314-win_amd64.whl", hash = "sha256:5666b1b560b97b6ec2eb3fca8a502298ebac56e13bbca1f88523538ce83d01ea", size = 193810, upload-time = "2026-04-12T21:44:36.612Z" },
    { url = "https://files.pythonhosted.org/packages/3b/8f/a6d35f25bf1fc63c492fdd88fdce01ba0875ead48c2b91f90f33653b4131/msgspec-0.21.1-cp314-cp314-win_arm64.whl", hash = "sha256:d8b8578e4c83b14ceea4cef0d0b747e31d9330fe4b03b2b2ad4063866a178f93", size = 179125, upload-time = "2026-04-12T21:44:38.198Z" },
    { url = "https://files.pythonhosted.org/packages/c6/39/74839641e64b99d87da55af0fc472854d42b46e2183b9e2a67fe1bb2a512/msgspec-0.21.1-cp314-cp314t-macosx_10_15_x86_64.whl", hash = "sha256:15f523d51c00ebad412213bfe9f06f0a50ec2b93e0c19e824a2d267cabb48ea2", size = 200171, upload-time = "2026-04-12T21:44:39.414Z" },
    { url = "https://files.pythonhosted.org/packages/70/9b/ce0cca6d2d87fcd4b6ff97600790494e64f26a2c55d61507cd2755c16193/msgspec-0.21.1-cp314-cp314t-macosx_11_0_arm64.whl", hash = "sha256:4e47390360583ba3d5c6cb44cf0a9f61b0a06a899d3c2c00627cedebb2e2884b", size = 192879, upload-time = "2026-04-12T21:44:40.882Z" },
    { url = "https://files.pythonhosted.org/packages/a7/08/673a7bb05e5702dc787ddd3011195b509f9867927970da59052211929987/msgspec-0.21.1-cp314-cp314t-manylinux2014_aarch64.manylinux_2_17_aarch64.manylinux_2_28_aarch64.whl", hash = "sha256:f60800e6299b798142dc40b0644da77ceac5ea0568be58228417eae14135c847", size = 226281, upload-time = "2026-04-12T21:44:42.181Z" },
    { url = "https://files.pythonhosted.org/packages/7d/45/86508cf57283e9070b3c447e3ab25b792a7a0855a3ea4e0c6d111ac34c97/msgspec-0.21.1-cp314-cp314t-manylinux2014_x86_64.manylinux_2_17_x86_64.manylinux_2_28_x86_64.whl", hash = "sha256:5f8e9dfcd98419cf7568808470c4317a3fb30bef0e3715b568730a2b272a20d7", size = 229863, upload-time = "2026-04-12T21:44:43.442Z" },
    { url = "https://files.pythonhosted.org/packages/2c/62/e7c9367cd08d590559faacd711edbae36840342843e669440363f33c7d36/msgspec-0.21.1-cp314-cp314t-musllinux_1_2_aarch64.whl", hash = "sha256:92d89dfad13bd1ea640dc3e37e724ed380da1030b272bdf5ecafb983c3ad7c75", size = 230445, upload-time = "2026-04-12T21:44:44.806Z" },
    { url = "https://files.pythonhosted.org/packages/42/b4/c0f54632103846b658a10930025f4de41c8724b5e4805a5f3b395586cb7e/msgspec-0.21.1-cp314-cp314t-musllinux_1_2_x86_64.whl", hash = "sha256:0d03867786e5d7ba25d666df4b11320c27170f4aeafcb8e3a8b0a50a4fb742ca", size = 231822, upload-time = "2026-04-12T21:44:46.343Z" },
    { url = "https://files.pythonhosted.org/packages/ea/1d/0d85cc79d0ccf5508e9c846cc66552a6a16bf92abd1dbd8362617f7b35cd/msgspec-0.21.1-cp314-cp314t-win_amd64.whl", hash = "sha256:740fbf1c9d59992ca3537d6fbe9ebbf9eaf726a65fbf31448e0ecbc710697a63", size = 206650, upload-time = "2026-04-12T21:44:47.601Z" },
    { url = "https://files.pythonhosted.org/packages/90/91/56c5d560f20e6c20e9e4f55bd0e458f7f162aa689ee350346c04c48eac0b/msgspec-0.21.1-cp314-cp314t-win_arm64.whl", hash = "sha256:0d2cc73df6058d811a126ac3a8ad63a4dfa210c82f9cf5a004802eaf4712de90", size = 183149, upload-time = "2026-04-12T21:44:48.833Z" },
]

[[package]]
name = "personal-site"
version = "0.1.0"
source = { virtual = "." }
dependencies = [
    { name = "tether-it" },
]

[package.metadata]
requires-dist = [{ name = "tether-it", specifier = ">=0.1.0" }]

[[package]]
name = "tether-it"
version = "0.1.0"
source = { registry = "https://pypi.org/simple" }
dependencies = [
    { name = "click" },
    { name = "msgspec" },
    { name = "uuid-utils" },
]
sdist = { url = "https://files.pythonhosted.org/packages/35/fe/bb64f61868a9a2dfb4d813285f719971d8543d41cad69feb18e70394f9a9/tether_it-0.1.0.tar.gz", hash = "sha256:b7672c9e4b6e06f314243726a4fc8e496a362ef9942c659aae181f438f776d79", size = 446814, upload-time = "2026-06-16T02:40:21.425Z" }
wheels = [
    { url = "https://files.pythonhosted.org/packages/1d/34/22c7890d5031e50da1343e73ad9888244fd5224207ae51f55c2b045d5f84/tether_it-0.1.0-py3-none-any.whl", hash = "sha256:ac6a25c4f7ae410417e46ad110ecb84556c5635c11ee76a5efaec958f7c71248", size = 38110, upload-time = "2026-06-16T02:40:19.975Z" },
]

[[package]]
name = "uuid-utils"
version = "0.16.0"
source = { registry = "https://pypi.org/simple" }
sdist = { url = "https://files.pythonhosted.org/packages/01/a1/822ceef22d1c139cffebe4b1b660cfaa10253d5c770aa2598dc8e9497593/uuid_utils-0.16.0.tar.gz", hash = "sha256:d6902d4375dfba4c9902c736bb82d3c040417b67f7d0fa48910ddfdb1ac95de7", size = 42596, upload-time = "2026-05-19T07:44:23.28Z" }
wheels = [
    { url = "https://files.pythonhosted.org/packages/ff/4c/b4cf43a5d22bcdb91727acdf54be0d78e83e595b73c5a9a8a4291875f059/uuid_utils-0.16.0-cp312-cp312-macosx_10_12_x86_64.macosx_11_0_arm64.macosx_10_12_universal2.whl", hash = "sha256:727fae3f0682191ec9c8ce1cd0f71e81b471a2e26b7c5fd66712fc0f11640aa0", size = 562183, upload-time = "2026-05-19T07:45:02.683Z" },
    { url = "https://files.pythonhosted.org/packages/d6/fb/4b0d1c4b5e9f8679ca41b9cdbce5749e1d5db3d3d42a07060d6ce61ac583/uuid_utils-0.16.0-cp312-cp312-macosx_10_12_x86_64.whl", hash = "sha256:66a9c8cedf7695c28e700f6a66bde0809c3b2e0d8a70968be7bfd47c908952e5", size = 289018, upload-time = "2026-05-19T07:44:07.726Z" },
    { url = "https://files.pythonhosted.org/packages/de/43/2dc6c7401c8fab86e46b0b33ada6dcfde949b2fd48877ba6f880862be80e/uuid_utils-0.16.0-cp312-cp312-manylinux_2_17_aarch64.manylinux2014_aarch64.whl", hash = "sha256:9152bff801ec2ccf630df06d67389090a2c612dea87fbf9a887ab4b222929f6f", size = 326171, upload-time = "2026-05-19T07:45:25.186Z" },
    { url = "https://files.pythonhosted.org/packages/9b/f5/48f11fb91f36453611ca148bc441436f279870b1ec6b576dc5167fb6e680/uuid_utils-0.16.0-cp312-cp312-manylinux_2_17_armv7l.manylinux2014_armv7l.whl", hash = "sha256:06fc7db470c37e5c1ab3fd2cd159697d6f8b279d7d23b5b96bd418b115f8caa9", size = 332222, upload-time = "2026-05-19T07:45:09.036Z" },
    { url = "https://files.pythonhosted.org/packages/30/cb/b2b49528521e4a097f129e8bf7850a26f00af46afba778832cf3458a5c00/uuid_utils-0.16.0-cp312-cp312-manylinux_2_17_ppc64le.manylinux2014_ppc64le.whl", hash = "sha256:3e1a1f57fe3631e164dad27b24aa81267810e20575f705af3b0fa734f3a21247", size = 444801, upload-time = "2026-05-19T07:45:37.517Z" },
    { url = "https://files.pythonhosted.org/packages/a9/b3/a28d9c6f7c701dfe01c8020b30e33899a28eb9e4d056b07e7388f50ebf67/uuid_utils-0.16.0-cp312-cp312-manylinux_2_17_x86_64.manylinux2014_x86_64.whl", hash = "sha256:3ee392fe59808a731b7b6bf4d453fb6e833774921331cceae5f254d1e9c5b97d", size = 325594, upload-time = "2026-05-19T07:44:44.682Z" },
    { url = "https://files.pythonhosted.org/packages/cf/65/e1ff41dc44966e396ead86e104ba21b35ddb07ff7a64bb55013074ee77fe/uuid_utils-0.16.0-cp312-cp312-manylinux_2_5_i686.manylinux1_i686.whl", hash = "sha256:b2e981b1258db444df4cf4bf4c79673570d081d48d35f22d0f86471e0ad795c5", size = 349312, upload-time = "2026-05-19T07:45:15.582Z" },
    { url = "https://files.pythonhosted.org/packages/ed/57/fb19b7951f66a46e03bd1943a61ee9d59c83e994e56e8c97d79aff1f0e47/uuid_utils-0.16.0-cp312-cp312-musllinux_1_2_aarch64.whl", hash = "sha256:bbb92feb4db08cd76e27b4d3b1a82bfde708447317150c614eb9f761a43b387e", size = 502115, upload-time = "2026-05-19T07:43:38.756Z" },
    { url = "https://files.pythonhosted.org/packages/2f/8e/9a129c469b7b77afb62da5c6b7e92591073b845bd0c3108c0d0aa65389fb/uuid_utils-0.16.0-cp312-cp312-musllinux_1_2_armv7l.whl", hash = "sha256:1c3c5afaaa68b1d6393d653e9fc93a2fde9da1681da01f74b4593f41d31fb5f1", size = 607433, upload-time = "2026-05-19T07:44:11.675Z" },
    { url = "https://files.pythonhosted.org/packages/4a/56/2ef71fad168cc3d894f7094fa458086c093635d7835381c91470b19c9ad3/uuid_utils-0.16.0-cp312-cp312-musllinux_1_2_i686.whl", hash = "sha256:38126b353527c5f001e4b24db9e62351eb768d0367febcd68100a4b39a035109", size = 566076, upload-time = "2026-05-19T07:44:35.453Z" },
    { url = "https://files.pythonhosted.org/packages/95/bf/68e60ea053ca30f35df877b96001331398140d5c4983561affa1350331b1/uuid_utils-0.16.0-cp312-cp312-musllinux_1_2_x86_64.whl", hash = "sha256:41a67e546d9adf11c4e4cb5c8e81f000f8b1f000c17912ced089b499855719a5", size = 530645, upload-time = "2026-05-19T07:45:49.278Z" },
    { url = "https://files.pythonhosted.org/packages/42/19/b521f7d73094fca4c0c44002f4a42bfcbcf0b770fdc3c4b9a596dda25734/uuid_utils-0.16.0-cp312-cp312-win32.whl", hash = "sha256:52d2cc8c12a3466cd1727883e0746d8bad5dddd670369eb553ba17fdc3b565ca", size = 168887, upload-time = "2026-05-19T07:45:45.502Z" },
    { url = "https://files.pythonhosted.org/packages/87/1f/4126c3ccbc2d98a613664e55f6ab6d7bd4b98424a04486e4fcc76549af15/uuid_utils-0.16.0-cp312-cp312-win_amd64.whl", hash = "sha256:c97625e5edfda8b118160ce1e88756f92b1635775f836c168be7bf10928d97fa", size = 174607, upload-time = "2026-05-19T07:43:52.938Z" },
    { url = "https://files.pythonhosted.org/packages/74/62/b83ccc8446ae39dcc0bda2cb3b525b6af6a2036383afe1d1d5fe7b234c2c/uuid_utils-0.16.0-cp312-cp312-win_arm64.whl", hash = "sha256:baf79c8050eb784b252dd34807df73f61130fe8676b61231baccab62530f20ec", size = 173021, upload-time = "2026-05-19T07:45:10.204Z" },
    { url = "https://files.pythonhosted.org/packages/60/9b/74c1f47a9b4f138a254e51528e5ffaeba6bf99ecead9f0c4b6fccccfbfcb/uuid_utils-0.16.0-cp313-cp313-macosx_10_12_x86_64.macosx_11_0_arm64.macosx_10_12_universal2.whl", hash = "sha256:d34cf9681e8892fad2a63e393068e544505408748cd8bf0c3517d753a01528d4", size = 563166, upload-time = "2026-05-19T07:44:10.494Z" },
    { url = "https://files.pythonhosted.org/packages/7c/1c/009e37b70f1f0ff17e7103a36bafde33d503d9ea7fe739761aa3e3c9fde6/uuid_utils-0.16.0-cp313-cp313-macosx_10_12_x86_64.whl", hash = "sha256:0681d1bdb7956e0c6d581e7601dabcfb2b08c25d2a65189f4e9b102c94f5ff46", size = 289529, upload-time = "2026-05-19T07:43:54.466Z" },
    { url = "https://files.pythonhosted.org/packages/5e/5e/e0323d54321166639eb2be5e8a464f5cb0fc04d72d91f3e78944bb6a1da8/uuid_utils-0.16.0-cp313-cp313-manylinux_2_17_aarch64.manylinux2014_aarch64.whl", hash = "sha256:ed45fb8732d216426227096b55accbb87cba57febc86a044d90780b090eb99d0", size = 326328, upload-time = "2026-05-19T07:45:31.901Z" },
    { url = "https://files.pythonhosted.org/packages/f0/a3/046f6cb958467c3bf4a163a8a53b178b64a62e21ed8ad5b2c1dacb3a2cfc/uuid_utils-0.16.0-cp313-cp313-manylinux_2_17_armv7l.manylinux2014_armv7l.whl", hash = "sha256:b617a334bb01ef2ff8c22900f5a14125eb9063f602131494cc9dc59519beaa5b", size = 332322, upload-time = "2026-05-19T07:43:41.284Z" },
    { url = "https://files.pythonhosted.org/packages/67/80/01914e3949744db7acd0006885e5542fbebb6e39114857d007d29b3265c2/uuid_utils-0.16.0-cp313-cp313-manylinux_2_17_ppc64le.manylinux2014_ppc64le.whl", hash = "sha256:a750d8aeb8ae880aa9a2529606bde0e994bcc7448730c953107f357a28e6102e", size = 445787, upload-time = "2026-05-19T07:45:36.102Z" },
    { url = "https://files.pythonhosted.org/packages/14/ef/f6908f41279f205d70c8a0d5dcb25dd6802741d7f88e3f0123453c3584d3/uuid_utils-0.16.0-cp313-cp313-manylinux_2_17_x86_64.manylinux2014_x86_64.whl", hash = "sha256:9a250e111903c4368745fce5ac2aa607bd477c62d3307e45347338fdb64b38e0", size = 324678, upload-time = "2026-05-19T07:45:12.77Z" },
    { url = "https://files.pythonhosted.org/packages/11/4a/bf841ba90f829c7779d82155e0f4b88ef6726ccc25507d064d50ac2cd329/uuid_utils-0.16.0-cp313-cp313-manylinux_2_5_i686.manylinux1_i686.whl", hash = "sha256:95b7f480010ea98a29ee809857a98aa923008c68129af1b39244adccff7377fb", size = 349704, upload-time = "2026-05-19T07:44:47.172Z" },
    { url = "https://files.pythonhosted.org/packages/e6/31/3b5c60172b8c57bf4ca485484b8e4edef550ca324f9287f1183be97422e2/uuid_utils-0.16.0-cp313-cp313-musllinux_1_2_aarch64.whl", hash = "sha256:420aa3ca403cedb73490b6ea3aeefeea7e0455f5ce60bbf856390ee872ae3306", size = 502456, upload-time = "2026-05-19T07:45:00.821Z" },
    { url = "https://files.pythonhosted.org/packages/88/bf/3da8d497af80fd51d8bf85551c77ede67f07825924ec5987bf9b6031014a/uuid_utils-0.16.0-cp313-cp313-musllinux_1_2_armv7l.whl", hash = "sha256:b8a9a7b1065a12d40f2cc25b7d705ab34954cc57095034367bca39ebcf4a876b", size = 607727, upload-time = "2026-05-19T07:44:30.058Z" },
    { url = "https://files.pythonhosted.org/packages/bd/4e/7c8cf03ec15cd6f40e4cbab81b2b4a625461327f68c7971e54723280ec3e/uuid_utils-0.16.0-cp313-cp313-musllinux_1_2_i686.whl", hash = "sha256:f235ac5827d74ac630cc87f29278cdaa5d2f273613a6e05bbd96df7aa4170776", size = 566204, upload-time = "2026-05-19T07:44:51.225Z" },
    { url = "https://files.pythonhosted.org/packages/f9/5f/af955feae69cce7fd2121ca3f790ff4b85ad2e17b2149546f50753e1a047/uuid_utils-0.16.0-cp313-cp313-musllinux_1_2_x86_64.whl", hash = "sha256:c8083284488b84ad178e74add64cfd1e74e8be5e30821e5acbc5019281c658b0", size = 529986, upload-time = "2026-05-19T07:45:57.85Z" },
    { url = "https://files.pythonhosted.org/packages/10/cf/3fec757e51bef10eb41ae8075f5442c60e85ff456b42d16a3063f5dc6c80/uuid_utils-0.16.0-cp313-cp313-pyemscripten_2025_0_wasm32.whl", hash = "sha256:27a071a899ba46a551d6524dbbc5a98b88be176d0f55ddf72cf71c005326ac10", size = 98683, upload-time = "2026-05-19T07:44:16.369Z" },
    { url = "https://files.pythonhosted.org/packages/40/a7/cd1adbea7ef882a70db064c00cd93b12e11027b4cdd7ffd79e95c35fc3e3/uuid_utils-0.16.0-cp313-cp313-win32.whl", hash = "sha256:924a8de04460e4cf65998ad0b6568084f7c51740ebd3254d07a0bcde35a84af6", size = 168822, upload-time = "2026-05-19T07:44:24.09Z" },
    { url = "https://files.pythonhosted.org/packages/74/99/617ceb9e3a95b23837012740979baf71afad723b70daf34862da3f7c17a1/uuid_utils-0.16.0-cp313-cp313-win_amd64.whl", hash = "sha256:5279bc7ab3c6683f1c67314695bee14d869015acbbc677bdb0015190fe753d16", size = 174967, upload-time = "2026-05-19T07:44:56.022Z" },
    { url = "https://files.pythonhosted.org/packages/d9/d8/148ae707bfc36d482e39db679c86b81bdce264d4feb9df5d40a03b7687e3/uuid_utils-0.16.0-cp313-cp313-win_arm64.whl", hash = "sha256:61a9c4c26ad12ac66fa4bfd0fdb8494724fe7a5b98a9fcd43e78e2b388663dbb", size = 173142, upload-time = "2026-05-19T07:43:50.171Z" },
    { url = "https://files.pythonhosted.org/packages/21/05/ca6d60705e71fdeaa3431dad94e279a8213c5573cb2925e1aabf3dc0330a/uuid_utils-0.16.0-cp313-cp313t-macosx_10_12_x86_64.macosx_11_0_arm64.macosx_10_12_universal2.whl", hash = "sha256:73486b6aa3f755a6c97000f5ea67e7ac78d6df89bf22980789a1e943e24b74f0", size = 564408, upload-time = "2026-05-19T07:44:38.351Z" },
    { url = "https://files.pythonhosted.org/packages/eb/8c/b9a0462c38535c1662acb1025768e2d626bee5ce9e1790bad6b5381162ea/uuid_utils-0.16.0-cp313-cp313t-macosx_10_12_x86_64.whl", hash = "sha256:f1614572fd9345cdc3dde3f40c237345719fabca1aa87d2d87b321d523cfa34d", size = 289923, upload-time = "2026-05-19T07:45:19.611Z" },
    { url = "https://files.pythonhosted.org/packages/f2/33/a53afeef1a56051551a0f5a801e4bce411dd73c6a8c99bad16902651256d/uuid_utils-0.16.0-cp313-cp313t-manylinux_2_17_aarch64.manylinux2014_aarch64.whl", hash = "sha256:9346ce6eb1fbd8b03a6b331d66016afcb4edcdff6eac708e21391600529a016a", size = 325762, upload-time = "2026-05-19T07:45:18.261Z" },
    { url = "https://files.pythonhosted.org/packages/72/ca/4462a4f36365d7ee72d41e05e6bcfe127e861b073ab37c25b2c8a518317c/uuid_utils-0.16.0-cp313-cp313t-manylinux_2_17_armv7l.manylinux2014_armv7l.whl", hash = "sha256:a0fc6eb3fd821466fbab69cf356c6ec2b7327266bbbc740a2eb57c77c4bef965", size = 332359, upload-time = "2026-05-19T07:45:34.886Z" },
    { url = "https://files.pythonhosted.org/packages/c5/67/9d3373fa7c5a746fdecc64e30caf915c29eb632203508d87676f9243ed03/uuid_utils-0.16.0-cp313-cp313t-manylinux_2_17_ppc64le.manylinux2014_ppc64le.whl", hash = "sha256:13a797e5e8f0dadc18351a5aa013815ddac25dce6864072a539d510910c95f71", size = 445483, upload-time = "2026-05-19T07:44:49.598Z" },
    { url = "https://files.pythonhosted.org/packages/57/08/ce01aa6d897fc7f875844fe58cad0a542c8ebf089d9242b654b56260ecb8/uuid_utils-0.16.0-cp313-cp313t-manylinux_2_17_x86_64.manylinux2014_x86_64.whl", hash = "sha256:57c3583b1f1c00a94f59726a5e2b988fa209221143919a1af5c2fc24e318fc98", size = 326281, upload-time = "2026-05-19T07:44:59.677Z" },
    { url = "https://files.pythonhosted.org/packages/76/ef/2c719b2c26bb5b5e5061a1435c11ad2bd33ac3cd6d4cd0c7c3ac1d3396ed/uuid_utils-0.16.0-cp313-cp313t-manylinux_2_5_i686.manylinux1_i686.whl", hash = "sha256:caac9c8b1d50e8fbddc76e93bfefbef472978eb45adbfdb6289d578816992953", size = 350809, upload-time = "2026-05-19T07:45:28.076Z" },
    { url = "https://files.pythonhosted.org/packages/e0/9b/c1ed447328b32229cca38ac4c62d309eab006e5e9c4020e2056a175bc607/uuid_utils-0.16.0-cp313-cp313t-musllinux_1_2_aarch64.whl", hash = "sha256:91db59bad97ed2b9d2c6ed25082fe9762b2c422e694fe06786b28cf4e776ac4c", size = 502088, upload-time = "2026-05-19T07:44:09.208Z" },
    { url = "https://files.pythonhosted.org/packages/c1/e0/8442f4efe7bde72f0b4ae5f675d0c7fbe209ad0b54718b8ddf43c46c6fae/uuid_utils-0.16.0-cp313-cp313t-musllinux_1_2_armv7l.whl", hash = "sha256:41985e342a30e76366a8becc60bbdb07d72cd1b86ec657b1f31654e9fb1baada", size = 607631, upload-time = "2026-05-19T07:44:19.384Z" },
    { url = "https://files.pythonhosted.org/packages/f1/1e/9a9fa261edf4c972f28ae83421377e3ab8dbd0bd7db58fd316e782d09a3b/uuid_utils-0.16.0-cp313-cp313t-musllinux_1_2_i686.whl", hash = "sha256:1b0dcedf9266bf34a54d5cbe78648eaa627e02352f2a6923ed647530aea2f661", size = 567618, upload-time = "2026-05-19T07:43:58.478Z" },
    { url = "https://files.pythonhosted.org/packages/cc/f7/1bcfdb9d539bd42736dd6076470a42fbb5db23f79712c0a06aa0a3752f7b/uuid_utils-0.16.0-cp313-cp313t-musllinux_1_2_x86_64.whl", hash = "sha256:26fe23ab60f05de4ad70aaa5b6a4c2a7bbd43055e3dd6f6b31efba0532ac9c71", size = 530971, upload-time = "2026-05-19T07:45:06.348Z" },
    { url = "https://files.pythonhosted.org/packages/24/0c/18945f417d6bb4d0dd2b7652fe36c58c4e83bcf593b9b326b83aa40b853a/uuid_utils-0.16.0-cp313-cp313t-win32.whl", hash = "sha256:7f8cf49c05d58523a0f977cb7f11afc05791a0fa164d7303b8365a34750638e7", size = 169369, upload-time = "2026-05-19T07:44:32.581Z" },
    { url = "https://files.pythonhosted.org/packages/cc/cc/c0eb0c3fab2ed80d706369b750029143b53126809b77b36bcbb77da66bab/uuid_utils-0.16.0-cp313-cp313t-win_amd64.whl", hash = "sha256:e99f9a8b2420b228faba23a637e96efaf5c6a678b2e225870f24431c82707f50", size = 175384, upload-time = "2026-05-19T07:45:56.623Z" },
    { url = "https://files.pythonhosted.org/packages/b7/77/50ac87b6e18b1c686f700aa38c9471a990683c6a955f71ac1a6677ed8145/uuid_utils-0.16.0-cp314-cp314-macosx_10_12_x86_64.macosx_11_0_arm64.macosx_10_12_universal2.whl", hash = "sha256:6853b627983aa1b4fd95aa52d9e87136eb94a7b3b7de0fbb1db8a498d457eeec", size = 564108, upload-time = "2026-05-19T07:43:55.609Z" },
    { url = "https://files.pythonhosted.org/packages/83/16/65046676de246bb5334d9f58aa96d2feb9fc347fda3556aaff7da1c2fc7a/uuid_utils-0.16.0-cp314-cp314-macosx_10_12_x86_64.whl", hash = "sha256:f44b65ae0c329843817d9c90e36a7a3c677b413bf407c99e67db874dac49dad3", size = 289967, upload-time = "2026-05-19T07:45:38.886Z" },
    { url = "https://files.pythonhosted.org/packages/91/d6/54fa988606a15dfd2028e925d8eb9c3ee6edbf1eb7692a67b37282880b56/uuid_utils-0.16.0-cp314-cp314-manylinux_2_17_aarch64.manylinux2014_aarch64.whl", hash = "sha256:de8a365795a76f347f5622621c2bee543cffa0c70949f3ee093bdefc9d926dcc", size = 325835, upload-time = "2026-05-19T07:44:42.02Z" },
    { url = "https://files.pythonhosted.org/packages/d5/1b/50622f967ceacea1f89fd065d9bfd395b51acb02cfb0a4ddc8fa9ff0c983/uuid_utils-0.16.0-cp314-cp314-manylinux_2_17_armv7l.manylinux2014_armv7l.whl", hash = "sha256:426a8c9af90242d879706ccf29da56f0b0712e7739fb0bbe16baacabc75596e2", size = 332607, upload-time = "2026-05-19T07:43:42.42Z" },
    { url = "https://files.pythonhosted.org/packages/12/f5/4059706be6617e2787e375ea52994ce3c3fa3920b7d4a9c8ebf7895681a5/uuid_utils-0.16.0-cp314-cp314-manylinux_2_17_ppc64le.manylinux2014_ppc64le.whl", hash = "sha256:833bc4b3c3fc24be541f67b01b4a75b6b9942a9b7137395b4eb35435948bd6da", size = 444287, upload-time = "2026-05-19T07:43:37.106Z" },
    { url = "https://files.pythonhosted.org/packages/65/d5/f44b2710563da687a368f0ce4dcbd462dfb6708bcd46439d831991d595c7/uuid_utils-0.16.0-cp314-cp314-manylinux_2_17_x86_64.manylinux2014_x86_64.whl", hash = "sha256:efb5252d7c00d586077f10e169d6e6d0b0d0f806d8a085073f0d19b4737aef4e", size = 324949, upload-time = "2026-05-19T07:45:33.175Z" },
    { url = "https://files.pythonhosted.org/packages/3a/a7/a69e859e37d26c5603f0bc0ae481860f691224f140e5a832f325b804770d/uuid_utils-0.16.0-cp314-cp314-manylinux_2_5_i686.manylinux1_i686.whl", hash = "sha256:0b3377ce388fd7bf8d231ec9d1d4f58c8e87888ddea93581f60ed6f878a4f722", size = 349651, upload-time = "2026-05-19T07:43:59.998Z" },
    { url = "https://files.pythonhosted.org/packages/db/73/4139cd3ca7b81ea283c1c8769373e9b2008241c0744a8ffb25f0a1b31325/uuid_utils-0.16.0-cp314-cp314-musllinux_1_2_aarch64.whl", hash = "sha256:12b6310beb38adc173ec5dc89e98812fd7e3d98f87f3ef01d2ea6ecb5d87994f", size = 502326, upload-time = "2026-05-19T07:45:40.292Z" },
    { url = "https://files.pythonhosted.org/packages/cb/8c/858101583fbad1b3fa04da88b1f7170836aa0f00b4cb712063325c44466d/uuid_utils-0.16.0-cp314-cp314-musllinux_1_2_armv7l.whl", hash = "sha256:a49b5a75497643479c919e2e537a4a36224ac3aaa0fada61b75d87024021ac3e", size = 607689, upload-time = "2026-05-19T07:44:48.355Z" },
    { url = "https://files.pythonhosted.org/packages/5e/bd/8f3d54a4763dd91ebd0f3d7b0c2ec434e4e0b1fc667b03a44d611a465ec6/uuid_utils-0.16.0-cp314-cp314-musllinux_1_2_i686.whl", hash = "sha256:63bfdf00be51b6b3b79275d6767d034ea5c7a0caa067a35d72861284100cb60a", size = 566214, upload-time = "2026-05-19T07:44:53.519Z" },
    { url = "https://files.pythonhosted.org/packages/54/76/4c9a8d9baaa243c7902d84dbba4d51b1ab51c379c66d3fd6368ff6933ecf/uuid_utils-0.16.0-cp314-cp314-musllinux_1_2_x86_64.whl", hash = "sha256:7525bc59ac4579c32317d2493dd42cf134b9bb50cd0bc6a41dd9f77e4740dde6", size = 529989, upload-time = "2026-05-19T07:44:43.141Z" },
    { url = "https://files.pythonhosted.org/packages/6d/13/d32cea997f880cedde415730ce0e872ebfd7a040155ae0bbda70eccd208e/uuid_utils-0.16.0-cp314-cp314-win32.whl", hash = "sha256:fbcac6e6710aa2e4bfbb81762758e01470dc56d5048ba4253acc77c9833568ff", size = 169146, upload-time = "2026-05-19T07:45:46.655Z" },
    { url = "https://files.pythonhosted.org/packages/1c/19/9fc55172d8fe59e1f27a14d598b427fa508a7ebb35fa7b7b99c24fa0ef13/uuid_utils-0.16.0-cp314-cp314-win_amd64.whl", hash = "sha256:d23fcaf37368a1647319187ef6f8b741bf079f033065899bc2d00a44b0a1214a", size = 175364, upload-time = "2026-05-19T07:45:55.335Z" },
    { url = "https://files.pythonhosted.org/packages/89/5d/fcd9226b715c5aa0638fcdd6deaf0de6c6c3c451c692cd76bfca810c6512/uuid_utils-0.16.0-cp314-cp314-win_arm64.whl", hash = "sha256:ea3265f8e2b452a4870f3298cb1d183dc4e36a3682cbb264dbe46af31267e706", size = 173268, upload-time = "2026-05-19T07:44:31.19Z" },
    { url = "https://files.pythonhosted.org/packages/c1/64/97ec9af95e58b8187f2934008ffab26e1604d149e34fe01c388b0543a24f/uuid_utils-0.16.0-cp314-cp314t-macosx_10_12_x86_64.macosx_11_0_arm64.macosx_10_12_universal2.whl", hash = "sha256:99f8420c3ed59f89a086782ac197e257f4b1debb4545dffa90cf5db23f96c892", size = 564464, upload-time = "2026-05-19T07:44:40.856Z" },
    { url = "https://files.pythonhosted.org/packages/3e/6d/e4082f407484ac28923c0bf8e861e71d277118d8b7542d0a350340e45350/uuid_utils-0.16.0-cp314-cp314t-macosx_10_12_x86_64.whl", hash = "sha256:259bab73c241743d684dcc3507feb76f484d720545e4e4805582aeff8e19700b", size = 290087, upload-time = "2026-05-19T07:44:01.084Z" },
    { url = "https://files.pythonhosted.org/packages/8c/43/c5c5f273c0ff889f20f10344784f9197dd00eb81ccc294330d4b949fea7e/uuid_utils-0.16.0-cp314-cp314t-manylinux_2_17_aarch64.manylinux2014_aarch64.whl", hash = "sha256:897e8ef0dc5e4ac0b17cf9cae84bb41e560d806280ec5b93db7475b504022105", size = 325532, upload-time = "2026-05-19T07:43:47.508Z" },
    { url = "https://files.pythonhosted.org/packages/13/7f/669aa899ab5378374d28a28231e6978f739921a1af394c7ebd6cc86e2639/uuid_utils-0.16.0-cp314-cp314t-manylinux_2_17_armv7l.manylinux2014_armv7l.whl", hash = "sha256:c5af79cde16a7600dfccb7d431aec0afd3088ff170b6a09887bf3f7ab3cc7c81", size = 332209, upload-time = "2026-05-19T07:43:51.528Z" },
    { url = "https://files.pythonhosted.org/packages/2b/57/a2a32406d79a222794ef98a19254fd9a81a029a0f32d7740fba9873bff1f/uuid_utils-0.16.0-cp314-cp314t-manylinux_2_17_ppc64le.manylinux2014_ppc64le.whl", hash = "sha256:bece1a6f677ca36047442c465d8166643eed9818b9e43e0bf42d3cf73e92dcff", size = 445507, upload-time = "2026-05-19T07:44:20.541Z" },
    { url = "https://files.pythonhosted.org/packages/26/6b/85459a35bfa7d73e79acbc4eab1cf6aa6e4d9d022c3260ed9dea539c7f0b/uuid_utils-0.16.0-cp314-cp314t-manylinux_2_17_x86_64.manylinux2014_x86_64.whl", hash = "sha256:2bb3444498e7b099499c8a607d7771377020fa55f7274e46f54106af19f752d7", size = 326154, upload-time = "2026-05-19T07:45:23.587Z" },
    { url = "https://files.pythonhosted.org/packages/84/9e/e965efdbb503ed14d6e57aec1a22b98326ed24cc2fb48e750c4d192267a0/uuid_utils-0.16.0-cp314-cp314t-manylinux_2_5_i686.manylinux1_i686.whl", hash = "sha256:542098f6cb6874aebeff98715f3ab7646fbe0f2ffb24509ca372828c68c4ed0e", size = 350905, upload-time = "2026-05-19T07:44:36.957Z" },
    { url = "https://files.pythonhosted.org/packages/23/ae/4321867888a783d03b7c053c0b68ca45d03974d86fcebf44d4ec268db397/uuid_utils-0.16.0-cp314-cp314t-musllinux_1_2_aarch64.whl", hash = "sha256:7207b25fe534bcf4d57e0110f90670e61c1c38b6f4598ba855af69ab428fc118", size = 502098, upload-time = "2026-05-19T07:44:17.696Z" },
    { url = "https://files.pythonhosted.org/packages/9d/9a/914a47bf42479bff0ce3e1fa1cbe3585354708edc928e27687cf91de9c26/uuid_utils-0.16.0-cp314-cp314t-musllinux_1_2_armv7l.whl", hash = "sha256:16dc5c6e439f75b0456114e955983e2156c1f38887733e54d54205d3005223e4", size = 607032, upload-time = "2026-05-19T07:44:22.151Z" },
    { url = "https://files.pythonhosted.org/packages/85/4c/2abacd6badba61a047eaa39c8347656229d12843bd9bbe4906daa6dc752c/uuid_utils-0.16.0-cp314-cp314t-musllinux_1_2_i686.whl", hash = "sha256:a6d3ee32c57898d8415242b08d5dd086bc4f7bcbbb3fc102ef257f3d793eb294", size = 567664, upload-time = "2026-05-19T07:45:21.043Z" },
    { url = "https://files.pythonhosted.org/packages/53/1f/9d1a09521276424da19dc0d74456aed3311170fec181b28fa6acba45d963/uuid_utils-0.16.0-cp314-cp314t-musllinux_1_2_x86_64.whl", hash = "sha256:7555f120a2282d1901c9a632c2398a614101af4fe3f7c8114aa0f1d8c1978855", size = 530996, upload-time = "2026-05-19T07:45:44.229Z" },
    { url = "https://files.pythonhosted.org/packages/b4/22/14dbedb6b61f492d5524077fd10bbfb137583b0f0aafa6cd870ccb43f39a/uuid_utils-0.16.0-cp314-cp314t-win32.whl", hash = "sha256:756575d082ea4cb7d2f923d5b640c0efe7c82573aab49220c4e09b62d13737ff", size = 169358, upload-time = "2026-05-19T07:45:05.146Z" },
    { url = "https://files.pythonhosted.org/packages/25/f4/a636806c98401a1108f2456e9cc3fa39a618145bfb1d0860c57203159cfe/uuid_utils-0.16.0-cp314-cp314t-win_amd64.whl", hash = "sha256:aa50261a83991dbb570a00573741455bd8f3249444f7329e5bdcd494799d1504", size = 174813, upload-time = "2026-05-19T07:45:59.579Z" },
    { url = "https://files.pythonhosted.org/packages/75/12/3823742459d87a100deb24bb6b41692aa961b267abd130fa7739cdf7d409/uuid_utils-0.16.0-cp314-cp314t-win_arm64.whl", hash = "sha256:22a17e93a371d850ffce8fcdbacc2239f890efe73aa3262b6170c1febc08afe1", size = 171733, upload-time = "2026-05-19T07:45:29.283Z" },
]
